
Microsoft Visual Studio Solution File, Format Version 12.00
# Visual Studio Version 17
VisualStudioVersion = 17.5.33414.496
MinimumVisualStudioVersion = 10.0.40219.1
Project("{FAE04EC0-301F-11D3-BF4B-00C04F79EFBC}") = "Albon.ClientCommunicationManager", "Albon.ClientCommunicationManager\Albon.ClientCommunicationManager.csproj", "{7C9D0A9D-789B-4DC4-9108-0B405BB1B613}"
EndProject
Global
	GlobalSection(SolutionConfigurationPlatforms) = preSolution
		Debug|Any CPU = Debug|Any CPU
		Release|Any CPU = Release|Any CPU
	EndGlobalSection
	GlobalSection(ProjectConfigurationPlatforms) = postSolution
		{7C9D0A9D-789B-4DC4-9108-0B405BB1B613}.Debug|Any CPU.ActiveCfg = Debug|Any CPU
		{7C9D0A9D-789B-4DC4-9108-0B405BB1B613}.Debug|Any CPU.Build.0 = Debug|Any CPU
		{7C9D0A9D-789B-4DC4-9108-0B405BB1B613}.Release|Any CPU.ActiveCfg = Release|Any CPU
		{7C9D0A9D-789B-4DC4-9108-0B405BB1B613}.Release|Any CPU.Build.0 = Release|Any CPU
	EndGlobalSection
	GlobalSection(SolutionProperties) = preSolution
		HideSolutionNode = FALSE
	EndGlobalSection
	GlobalSection(ExtensibilityGlobals) = postSolution
		SolutionGuid = {1DC46A1D-1EEB-4F1A-8367-CAAD958B7048}
	EndGlobalSection
EndGlobal
